
Microsoft Visual Studio Solution File, Format Version 12.00
# Visual Studio Version 17
VisualStudioVersion = 17.1.32414.318
MinimumVisualStudioVersion = 10.0.40219.1
Project("{FAE04EC0-301F-11D3-BF4B-00C04F79EFBC}") = "edu4.API", "src\edu4.API\edu4.API.csproj", "{8730931D-653E-4951-8172-D4472267D231}"
EndProject
Global
	GlobalSection(SolutionConfigurationPlatforms) = preSolution
		Debug|Any CPU = Debug|Any CPU
		Release|Any CPU = Release|Any CPU
	EndGlobalSection
	GlobalSection(ProjectConfigurationPlatforms) = postSolution
		{8730931D-653E-4951-8172-D4472267D231}.Debug|Any CPU.ActiveCfg = Debug|Any CPU
		{8730931D-653E-4951-8172-D4472267D231}.Debug|Any CPU.Build.0 = Debug|Any CPU
		{8730931D-653E-4951-8172-D4472267D231}.Release|Any CPU.ActiveCfg = Release|Any CPU
		{8730931D-653E-4951-8172-D4472267D231}.Release|Any CPU.Build.0 = Release|Any CPU
	EndGlobalSection
	GlobalSection(SolutionProperties) = preSolution
		HideSolutionNode = FALSE
	EndGlobalSection
	GlobalSection(ExtensibilityGlobals) = postSolution
		SolutionGuid = {0328E376-EE29-46BC-85B7-19DB6D892680}
	EndGlobalSection
EndGlobal
